
Microsoft Visual Studio Solution File, Format Version 12.00
# Visual Studio 15
VisualStudioVersion = 15.0.28307.1209
MinimumVisualStudioVersion = 10.0.40219.1
Project("{8BC9CEB8-8B4A-11D0-8D11-00A0C91BC942}") = "Ch4_Lab1", "Ch4_Lab1\Ch4_Lab1.vcxproj", "{6813A349-AA21-477C-811B-A314FDAA0C5E}"
EndProject
Global
	GlobalSection(SolutionConfigurationPlatforms) = preSolution
		Debug|x64 = Debug|x64
		Debug|x86 = Debug|x86
		Release|x64 = Release|x64
		Release|x86 = Release|x86
	EndGlobalSection
	GlobalSection(ProjectConfigurationPlatforms) = postSolution
		{6813A349-AA21-477C-811B-A314FDAA0C5E}.Debug|x64.ActiveCfg = Debug|x64
		{6813A349-AA21-477C-811B-A314FDAA0C5E}.Debug|x64.Build.0 = Debug|x64
		{6813A349-AA21-477C-811B-A314FDAA0C5E}.Debug|x86.ActiveCfg = Debug|Win32
		{6813A349-AA21-477C-811B-A314FDAA0C5E}.Debug|x86.Build.0 = Debug|Win32
		{6813A349-AA21-477C-811B-A314FDAA0C5E}.Release|x64.ActiveCfg = Release|x64
		{6813A349-AA21-477C-811B-A314FDAA0C5E}.Release|x64.Build.0 = Release|x64
		{6813A349-AA21-477C-811B-A314FDAA0C5E}.Release|x86.ActiveCfg = Release|Win32
		{6813A349-AA21-477C-811B-A314FDAA0C5E}.Release|x86.Build.0 = Release|Win32
	EndGlobalSection
	GlobalSection(SolutionProperties) = preSolution
		HideSolutionNode = FALSE
	EndGlobalSection
	GlobalSection(ExtensibilityGlobals) = postSolution
		SolutionGuid = {FA911F5A-B318-4662-8CA7-A5ABDD15F83B}
	EndGlobalSection
EndGlobal
